
Microsoft Visual Studio Solution File, Format Version 12.00
# Visual Studio 15
VisualStudioVersion = 15.0.28307.136
MinimumVisualStudioVersion = 10.0.40219.1
Project("{FAE04EC0-301F-11D3-BF4B-00C04F79EFBC}") = "testdeploy", "testdeploy\testdeploy.csproj", "{ED2B52CD-514B-423B-B4F8-1FE145898F0C}"
EndProject
Global
	GlobalSection(SolutionConfigurationPlatforms) = preSolution
		Debug|Any CPU = Debug|Any CPU
		Release|Any CPU = Release|Any CPU
	EndGlobalSection
	GlobalSection(ProjectConfigurationPlatforms) = postSolution
		{ED2B52CD-514B-423B-B4F8-1FE145898F0C}.Debug|Any CPU.ActiveCfg = Debug|Any CPU
		{ED2B52CD-514B-423B-B4F8-1FE145898F0C}.Debug|Any CPU.Build.0 = Debug|Any CPU
		{ED2B52CD-514B-423B-B4F8-1FE145898F0C}.Release|Any CPU.ActiveCfg = Release|Any CPU
		{ED2B52CD-514B-423B-B4F8-1FE145898F0C}.Release|Any CPU.Build.0 = Release|Any CPU
	EndGlobalSection
	GlobalSection(SolutionProperties) = preSolution
		HideSolutionNode = FALSE
	EndGlobalSection
	GlobalSection(ExtensibilityGlobals) = postSolution
		SolutionGuid = {885111B8-9640-4D6C-824A-90E1F42E7AF3}
	EndGlobalSection
EndGlobal
